{
  "name": "calculadora",
  "lockfileVersion": 3,
  "requires": true,
  "packages": {
    "": {
      "dependencies": {
        "@florentinocarrera/utils": "^1.0.0"
      }
    },
    "node_modules/@florentinocarrera/utils": {
      "version": "1.0.0",
      "resolved": "https://registry.npmjs.org/@florentinocarrera/utils/-/utils-1.0.0.tgz",
      "integrity": "sha512-kHc1eTmIpO3qT1NV0YjGi6qnQDc0TSIoI4N852h9aRXb+M4+WWkkG0LZ6jiIv0calQyQXas9/vJRbPQPns4MnA=="
    }
  }
}
